PODS:
  - LotR-Eric_Vargas-SDK (0.1.0)

DEPENDENCIES:
  - LotR-Eric_Vargas-SDK (from `../`)

EXTERNAL SOURCES:
  LotR-Eric_Vargas-SDK:
    :path: "../"

SPEC CHECKSUMS:
  LotR-Eric_Vargas-SDK: af41f995ac8c330bf88ef3ca0d761f5ce2068474

PODFILE CHECKSUM: 980020d230f4c621c8747cf55ad3184725e48df0

COCOAPODS: 1.11.2
